
Microsoft Visual Studio Solution File, Format Version 12.00
# Visual Studio Version 17
VisualStudioVersion = 17.3.32825.248
MinimumVisualStudioVersion = 10.0.40219.1
Project("{9A19103F-16F7-4668-BE54-9A1E7A4F7556}") = "WebAppTutorial", "WebAppTutorial\WebAppTutorial.csproj", "{D1E5555B-92F5-4235-8959-E4D5D09825AC}"
EndProject
Project("{FAE04EC0-301F-11D3-BF4B-00C04F79EFBC}") = "SolvePayroll", "SolvePayroll\SolvePayroll.csproj", "{258A3D21-2918-4C65-B0B5-478AB00EF195}"
EndProject
Global
	GlobalSection(SolutionConfigurationPlatforms) = preSolution
		Debug|Any CPU = Debug|Any CPU
		Release|Any CPU = Release|Any CPU
	EndGlobalSection
	GlobalSection(ProjectConfigurationPlatforms) = postSolution
		{D1E5555B-92F5-4235-8959-E4D5D09825AC}.Debug|Any CPU.ActiveCfg = Debug|Any CPU
		{D1E5555B-92F5-4235-8959-E4D5D09825AC}.Debug|Any CPU.Build.0 = Debug|Any CPU
		{D1E5555B-92F5-4235-8959-E4D5D09825AC}.Release|Any CPU.ActiveCfg = Release|Any CPU
		{D1E5555B-92F5-4235-8959-E4D5D09825AC}.Release|Any CPU.Build.0 = Release|Any CPU
		{258A3D21-2918-4C65-B0B5-478AB00EF195}.Debug|Any CPU.ActiveCfg = Debug|Any CPU
		{258A3D21-2918-4C65-B0B5-478AB00EF195}.Debug|Any CPU.Build.0 = Debug|Any CPU
		{258A3D21-2918-4C65-B0B5-478AB00EF195}.Release|Any CPU.ActiveCfg = Release|Any CPU
		{258A3D21-2918-4C65-B0B5-478AB00EF195}.Release|Any CPU.Build.0 = Release|Any CPU
	EndGlobalSection
	GlobalSection(SolutionProperties) = preSolution
		HideSolutionNode = FALSE
	EndGlobalSection
	GlobalSection(ExtensibilityGlobals) = postSolution
		SolutionGuid = {889B8965-2EC8-4B67-B025-C3BE40D05E26}
	EndGlobalSection
EndGlobal
